
Microsoft Visual Studio Solution File, Format Version 12.00
# Visual Studio Version 17
VisualStudioVersion = 17.5.33627.172
MinimumVisualStudioVersion = 10.0.40219.1
Project("{2150E333-8FDC-42A3-9474-1A3956D46DE8}") = "libs", "libs", "{C5152BA4-C6BA-4AE9-A9B7-9E11AD140722}"
EndProject
Project("{9A19103F-16F7-4668-BE54-9A1E7A4F7556}") = "CoreLib", "libs\CoreLib\CoreLib.csproj", "{4490A708-4E76-4115-9FD0-1237AAAF11DA}"
EndProject
Project("{9A19103F-16F7-4668-BE54-9A1E7A4F7556}") = "EntityFrameworkLib", "libs\EntityFrameworkLib\EntityFrameworkLib.csproj", "{49BF52EB-4F3B-48E4-93A0-4B594A2ECCB0}"
EndProject

Project("{2150E333-8FDC-42A3-9474-1A3956D46DE8}") = "TimeZoneT", "TimeZoneT", "{A75553C5-B59E-496A-95BB-5642524D1C16}"
EndProject
Project("{9A19103F-16F7-4668-BE54-9A1E7A4F7556}") = "NodaTime6", "TimeZoneT\TestNodaTime\NodaTime6\NodaTime6.csproj", "{D3E3121A-3EF3-4173-9239-2D2CB9A1D775}"
EndProject
Project("{9A19103F-16F7-4668-BE54-9A1E7A4F7556}") = "NodaTime7", "TimeZoneT\TestNodaTime\NodaTime7\NodaTime7.csproj", "{C8FDF959-344E-4C09-B226-1BEF5790C89E}"
EndProject
Project("{9A19103F-16F7-4668-BE54-9A1E7A4F7556}") = "TestTimeZoneInfo", "TimeZoneT\TestTimeZoneInfo\TestTimeZoneInfo.csproj", "{2600D996-0D44-4224-82C4-DB62966CA2E4}"
EndProject
Project("{2150E333-8FDC-42A3-9474-1A3956D46DE8}") = "ServiceBusT", "ServiceBusT", "{0F1B5BB9-EA8B-4B70-ADDD-E5D910A4E30F}"
EndProject
Project("{9A19103F-16F7-4668-BE54-9A1E7A4F7556}") = "ServiceBusSenderT", "ServiceBusT\ServiceBusSenderT.csproj", "{6DC256B8-0BDE-4A94-87E4-188BFA8F9EEA}"
EndProject
Project("{2150E333-8FDC-42A3-9474-1A3956D46DE8}") = "EventHubT", "EventHubT", "{596E6BFC-B19F-43CF-B2E8-48A5BAB1677D}"
EndProject
Project("{9A19103F-16F7-4668-BE54-9A1E7A4F7556}") = "EventHubReceiverT", "EventHubT\EventHubReceiverT.csproj", "{E9312020-214D-4CC5-A75E-139C6FBC8735}"
EndProject
Project("{9A19103F-16F7-4668-BE54-9A1E7A4F7556}") = "EventHubSenderT", "EventHubSenderT\EventHubSenderT.csproj", "{05CEBA1D-A827-45E7-ABD7-CE35BF802A05}"
EndProject
Project("{9A19103F-16F7-4668-BE54-9A1E7A4F7556}") = "ServiceBusReceiverT", "ServiceBusReceiverT\ServiceBusReceiverT.csproj", "{ECC68FCF-BA6C-4B95-8E61-E970308ABB9C}"
EndProject
Project("{2150E333-8FDC-42A3-9474-1A3956D46DE8}") = "projects", "projects", "{7D21C5CF-022D-40F4-9CFC-15998A76A9B1}"
EndProject
Project("{2150E333-8FDC-42A3-9474-1A3956D46DE8}") = "EntityFrameworksT", "EntityFrameworksT", "{A4BEACA5-3705-46DE-BEF6-D0D9A79EAC39}"
EndProject
Project("{9A19103F-16F7-4668-BE54-9A1E7A4F7556}") = "todosWebApi", "projects\EntityFrameworksT\todosWebApi\todosWebApi.csproj", "{9F526797-69F2-4F37-B598-F473641BC821}"
EndProject
Global
	GlobalSection(SolutionConfigurationPlatforms) = preSolution
		Debug|Any CPU = Debug|Any CPU
		Release|Any CPU = Release|Any CPU
	EndGlobalSection
	GlobalSection(ProjectConfigurationPlatforms) = postSolution
		{4490A708-4E76-4115-9FD0-1237AAAF11DA}.Debug|Any CPU.ActiveCfg = Debug|Any CPU
		{4490A708-4E76-4115-9FD0-1237AAAF11DA}.Debug|Any CPU.Build.0 = Debug|Any CPU
		{4490A708-4E76-4115-9FD0-1237AAAF11DA}.Release|Any CPU.ActiveCfg = Release|Any CPU
		{4490A708-4E76-4115-9FD0-1237AAAF11DA}.Release|Any CPU.Build.0 = Release|Any CPU
		{49BF52EB-4F3B-48E4-93A0-4B594A2ECCB0}.Debug|Any CPU.ActiveCfg = Debug|Any CPU
		{49BF52EB-4F3B-48E4-93A0-4B594A2ECCB0}.Debug|Any CPU.Build.0 = Debug|Any CPU
		{49BF52EB-4F3B-48E4-93A0-4B594A2ECCB0}.Release|Any CPU.ActiveCfg = Release|Any CPU
		{49BF52EB-4F3B-48E4-93A0-4B594A2ECCB0}.Release|Any CPU.Build.0 = Release|Any CPU
		{D3E3121A-3EF3-4173-9239-2D2CB9A1D775}.Debug|Any CPU.ActiveCfg = Debug|Any CPU
		{D3E3121A-3EF3-4173-9239-2D2CB9A1D775}.Debug|Any CPU.Build.0 = Debug|Any CPU
		{D3E3121A-3EF3-4173-9239-2D2CB9A1D775}.Release|Any CPU.ActiveCfg = Release|Any CPU
		{D3E3121A-3EF3-4173-9239-2D2CB9A1D775}.Release|Any CPU.Build.0 = Release|Any CPU
		{C8FDF959-344E-4C09-B226-1BEF5790C89E}.Debug|Any CPU.ActiveCfg = Debug|Any CPU
		{C8FDF959-344E-4C09-B226-1BEF5790C89E}.Debug|Any CPU.Build.0 = Debug|Any CPU
		{C8FDF959-344E-4C09-B226-1BEF5790C89E}.Release|Any CPU.ActiveCfg = Release|Any CPU
		{C8FDF959-344E-4C09-B226-1BEF5790C89E}.Release|Any CPU.Build.0 = Release|Any CPU
		{2600D996-0D44-4224-82C4-DB62966CA2E4}.Debug|Any CPU.ActiveCfg = Debug|Any CPU
		{2600D996-0D44-4224-82C4-DB62966CA2E4}.Debug|Any CPU.Build.0 = Debug|Any CPU
		{2600D996-0D44-4224-82C4-DB62966CA2E4}.Release|Any CPU.ActiveCfg = Release|Any CPU
		{2600D996-0D44-4224-82C4-DB62966CA2E4}.Release|Any CPU.Build.0 = Release|Any CPU
		{6DC256B8-0BDE-4A94-87E4-188BFA8F9EEA}.Debug|Any CPU.ActiveCfg = Debug|Any CPU
		{6DC256B8-0BDE-4A94-87E4-188BFA8F9EEA}.Debug|Any CPU.Build.0 = Debug|Any CPU
		{6DC256B8-0BDE-4A94-87E4-188BFA8F9EEA}.Release|Any CPU.ActiveCfg = Release|Any CPU
		{6DC256B8-0BDE-4A94-87E4-188BFA8F9EEA}.Release|Any CPU.Build.0 = Release|Any CPU
		{E9312020-214D-4CC5-A75E-139C6FBC8735}.Debug|Any CPU.ActiveCfg = Debug|Any CPU
		{E9312020-214D-4CC5-A75E-139C6FBC8735}.Debug|Any CPU.Build.0 = Debug|Any CPU
		{E9312020-214D-4CC5-A75E-139C6FBC8735}.Release|Any CPU.ActiveCfg = Release|Any CPU
		{E9312020-214D-4CC5-A75E-139C6FBC8735}.Release|Any CPU.Build.0 = Release|Any CPU
		{05CEBA1D-A827-45E7-ABD7-CE35BF802A05}.Debug|Any CPU.ActiveCfg = Debug|Any CPU
		{05CEBA1D-A827-45E7-ABD7-CE35BF802A05}.Debug|Any CPU.Build.0 = Debug|Any CPU
		{05CEBA1D-A827-45E7-ABD7-CE35BF802A05}.Release|Any CPU.ActiveCfg = Release|Any CPU
		{05CEBA1D-A827-45E7-ABD7-CE35BF802A05}.Release|Any CPU.Build.0 = Release|Any CPU
		{ECC68FCF-BA6C-4B95-8E61-E970308ABB9C}.Debug|Any CPU.ActiveCfg = Debug|Any CPU
		{ECC68FCF-BA6C-4B95-8E61-E970308ABB9C}.Debug|Any CPU.Build.0 = Debug|Any CPU
		{ECC68FCF-BA6C-4B95-8E61-E970308ABB9C}.Release|Any CPU.ActiveCfg = Release|Any CPU
		{ECC68FCF-BA6C-4B95-8E61-E970308ABB9C}.Release|Any CPU.Build.0 = Release|Any CPU
		{9F526797-69F2-4F37-B598-F473641BC821}.Debug|Any CPU.ActiveCfg = Debug|Any CPU
		{9F526797-69F2-4F37-B598-F473641BC821}.Debug|Any CPU.Build.0 = Debug|Any CPU
		{9F526797-69F2-4F37-B598-F473641BC821}.Release|Any CPU.ActiveCfg = Release|Any CPU
		{9F526797-69F2-4F37-B598-F473641BC821}.Release|Any CPU.Build.0 = Release|Any CPU
	EndGlobalSection
	GlobalSection(SolutionProperties) = preSolution
		HideSolutionNode = FALSE
	EndGlobalSection
	GlobalSection(NestedProjects) = preSolution
		{4490A708-4E76-4115-9FD0-1237AAAF11DA} = {C5152BA4-C6BA-4AE9-A9B7-9E11AD140722}
		{49BF52EB-4F3B-48E4-93A0-4B594A2ECCB0} = {C5152BA4-C6BA-4AE9-A9B7-9E11AD140722}
		{D3E3121A-3EF3-4173-9239-2D2CB9A1D775} = {A75553C5-B59E-496A-95BB-5642524D1C16}
		{C8FDF959-344E-4C09-B226-1BEF5790C89E} = {A75553C5-B59E-496A-95BB-5642524D1C16}
		{2600D996-0D44-4224-82C4-DB62966CA2E4} = {A75553C5-B59E-496A-95BB-5642524D1C16}
		{6DC256B8-0BDE-4A94-87E4-188BFA8F9EEA} = {0F1B5BB9-EA8B-4B70-ADDD-E5D910A4E30F}
		{E9312020-214D-4CC5-A75E-139C6FBC8735} = {596E6BFC-B19F-43CF-B2E8-48A5BAB1677D}
		{05CEBA1D-A827-45E7-ABD7-CE35BF802A05} = {596E6BFC-B19F-43CF-B2E8-48A5BAB1677D}
		{ECC68FCF-BA6C-4B95-8E61-E970308ABB9C} = {0F1B5BB9-EA8B-4B70-ADDD-E5D910A4E30F}
		{A4BEACA5-3705-46DE-BEF6-D0D9A79EAC39} = {7D21C5CF-022D-40F4-9CFC-15998A76A9B1}
		{9F526797-69F2-4F37-B598-F473641BC821} = {A4BEACA5-3705-46DE-BEF6-D0D9A79EAC39}
	EndGlobalSection
	GlobalSection(ExtensibilityGlobals) = postSolution
		SolutionGuid = {DE5F2A01-B5AB-4468-BB59-809FCE458B57}
	EndGlobalSection
EndGlobal
