
Microsoft Visual Studio Solution File, Format Version 12.00
# Visual Studio Version 17
VisualStudioVersion = 17.5.33627.172
MinimumVisualStudioVersion = 10.0.40219.1
Project("{9A19103F-16F7-4668-BE54-9A1E7A4F7556}") = "TestTimeZoneInfo", "TimeZoneT\TestTimeZoneInfo\TestTimeZoneInfo.csproj", "{2600D996-0D44-4224-82C4-DB62966CA2E4}"
EndProject
Project("{2150E333-8FDC-42A3-9474-1A3956D46DE8}") = "TimeZoneT", "TimeZoneT", "{A75553C5-B59E-496A-95BB-5642524D1C16}"
EndProject
Project("{9A19103F-16F7-4668-BE54-9A1E7A4F7556}") = "NodaTime", "TimeZoneT\TestNodaTime\NodaTime\NodaTime.csproj", "{C8FDF959-344E-4C09-B226-1BEF5790C89E}"
EndProject
Project("{9A19103F-16F7-4668-BE54-9A1E7A4F7556}") = "NodaTime6", "TimeZoneT\TestNodaTime\NodaTime6\NodaTime6.csproj", "{D3E3121A-3EF3-4173-9239-2D2CB9A1D775}"
EndProject
Project("{2150E333-8FDC-42A3-9474-1A3956D46DE8}") = "EntityFramworkT", "EntityFramworkT", "{465CE220-2F10-412B-8B95-A2E593E2B221}"
EndProject
Project("{2150E333-8FDC-42A3-9474-1A3956D46DE8}") = "libs", "libs", "{B5282E8B-421F-425D-B0DE-1DB8084A0004}"
EndProject
Project("{9A19103F-16F7-4668-BE54-9A1E7A4F7556}") = "CoreLib", "EntityFrameworksT\libs\CoreLib\CoreLib.csproj", "{9D8C84DB-52EE-41C3-9DEE-9C169A9DC2E2}"
EndProject
Project("{9A19103F-16F7-4668-BE54-9A1E7A4F7556}") = "EntityFrameworkLib", "EntityFrameworksT\libs\EntityFrameworkLib\EntityFrameworkLib.csproj", "{BB9E20A3-0BD8-4C34-9672-EE4551802DC1}"
EndProject
Project("{FAE04EC0-301F-11D3-BF4B-00C04F79EFBC}") = "TodoWebApplication", "EntityFrameworksT\TodoWebApplication\TodoWebApplication.csproj", "{9050DFDF-15FD-46ED-9F10-00C374D0486B}"
EndProject
Project("{FAE04EC0-301F-11D3-BF4B-00C04F79EFBC}") = "TestWebApplication", "EntityFrameworksT\TestWebApplication\TestWebApplication.csproj", "{D6D73960-7D26-431E-82FF-B55D98601BCA}"
EndProject
Global
	GlobalSection(SolutionConfigurationPlatforms) = preSolution
		Debug|Any CPU = Debug|Any CPU
		Release|Any CPU = Release|Any CPU
	EndGlobalSection
	GlobalSection(ProjectConfigurationPlatforms) = postSolution
		{2600D996-0D44-4224-82C4-DB62966CA2E4}.Debug|Any CPU.ActiveCfg = Debug|Any CPU
		{2600D996-0D44-4224-82C4-DB62966CA2E4}.Debug|Any CPU.Build.0 = Debug|Any CPU
		{2600D996-0D44-4224-82C4-DB62966CA2E4}.Release|Any CPU.ActiveCfg = Release|Any CPU
		{2600D996-0D44-4224-82C4-DB62966CA2E4}.Release|Any CPU.Build.0 = Release|Any CPU
		{C8FDF959-344E-4C09-B226-1BEF5790C89E}.Debug|Any CPU.ActiveCfg = Debug|Any CPU
		{C8FDF959-344E-4C09-B226-1BEF5790C89E}.Debug|Any CPU.Build.0 = Debug|Any CPU
		{C8FDF959-344E-4C09-B226-1BEF5790C89E}.Release|Any CPU.ActiveCfg = Release|Any CPU
		{C8FDF959-344E-4C09-B226-1BEF5790C89E}.Release|Any CPU.Build.0 = Release|Any CPU
		{D3E3121A-3EF3-4173-9239-2D2CB9A1D775}.Debug|Any CPU.ActiveCfg = Debug|Any CPU
		{D3E3121A-3EF3-4173-9239-2D2CB9A1D775}.Debug|Any CPU.Build.0 = Debug|Any CPU
		{D3E3121A-3EF3-4173-9239-2D2CB9A1D775}.Release|Any CPU.ActiveCfg = Release|Any CPU
		{D3E3121A-3EF3-4173-9239-2D2CB9A1D775}.Release|Any CPU.Build.0 = Release|Any CPU
		{9D8C84DB-52EE-41C3-9DEE-9C169A9DC2E2}.Debug|Any CPU.ActiveCfg = Debug|Any CPU
		{9D8C84DB-52EE-41C3-9DEE-9C169A9DC2E2}.Debug|Any CPU.Build.0 = Debug|Any CPU
		{9D8C84DB-52EE-41C3-9DEE-9C169A9DC2E2}.Release|Any CPU.ActiveCfg = Release|Any CPU
		{9D8C84DB-52EE-41C3-9DEE-9C169A9DC2E2}.Release|Any CPU.Build.0 = Release|Any CPU
		{BB9E20A3-0BD8-4C34-9672-EE4551802DC1}.Debug|Any CPU.ActiveCfg = Debug|Any CPU
		{BB9E20A3-0BD8-4C34-9672-EE4551802DC1}.Debug|Any CPU.Build.0 = Debug|Any CPU
		{BB9E20A3-0BD8-4C34-9672-EE4551802DC1}.Release|Any CPU.ActiveCfg = Release|Any CPU
		{BB9E20A3-0BD8-4C34-9672-EE4551802DC1}.Release|Any CPU.Build.0 = Release|Any CPU
		{9050DFDF-15FD-46ED-9F10-00C374D0486B}.Debug|Any CPU.ActiveCfg = Debug|Any CPU
		{9050DFDF-15FD-46ED-9F10-00C374D0486B}.Debug|Any CPU.Build.0 = Debug|Any CPU
		{9050DFDF-15FD-46ED-9F10-00C374D0486B}.Release|Any CPU.ActiveCfg = Release|Any CPU
		{9050DFDF-15FD-46ED-9F10-00C374D0486B}.Release|Any CPU.Build.0 = Release|Any CPU
		{D6D73960-7D26-431E-82FF-B55D98601BCA}.Debug|Any CPU.ActiveCfg = Debug|Any CPU
		{D6D73960-7D26-431E-82FF-B55D98601BCA}.Debug|Any CPU.Build.0 = Debug|Any CPU
		{D6D73960-7D26-431E-82FF-B55D98601BCA}.Release|Any CPU.ActiveCfg = Release|Any CPU
		{D6D73960-7D26-431E-82FF-B55D98601BCA}.Release|Any CPU.Build.0 = Release|Any CPU
	EndGlobalSection
	GlobalSection(SolutionProperties) = preSolution
		HideSolutionNode = FALSE
	EndGlobalSection
	GlobalSection(NestedProjects) = preSolution
		{2600D996-0D44-4224-82C4-DB62966CA2E4} = {A75553C5-B59E-496A-95BB-5642524D1C16}
		{C8FDF959-344E-4C09-B226-1BEF5790C89E} = {A75553C5-B59E-496A-95BB-5642524D1C16}
		{D3E3121A-3EF3-4173-9239-2D2CB9A1D775} = {A75553C5-B59E-496A-95BB-5642524D1C16}
		{B5282E8B-421F-425D-B0DE-1DB8084A0004} = {465CE220-2F10-412B-8B95-A2E593E2B221}
		{9D8C84DB-52EE-41C3-9DEE-9C169A9DC2E2} = {B5282E8B-421F-425D-B0DE-1DB8084A0004}
		{BB9E20A3-0BD8-4C34-9672-EE4551802DC1} = {B5282E8B-421F-425D-B0DE-1DB8084A0004}
		{9050DFDF-15FD-46ED-9F10-00C374D0486B} = {465CE220-2F10-412B-8B95-A2E593E2B221}
		{D6D73960-7D26-431E-82FF-B55D98601BCA} = {465CE220-2F10-412B-8B95-A2E593E2B221}
	EndGlobalSection
	GlobalSection(ExtensibilityGlobals) = postSolution
		SolutionGuid = {DE5F2A01-B5AB-4468-BB59-809FCE458B57}
	EndGlobalSection
EndGlobal
